
Microsoft Visual Studio Solution File, Format Version 12.00
# Visual Studio Version 17
VisualStudioVersion = 17.11.35312.102
MinimumVisualStudioVersion = 10.0.40219.1
Project("{9A19103F-16F7-4668-BE54-9A1E7A4F7556}") = "p7_prefija", "p7\p7_prefija.csproj", "{3D679784-F96C-450A-BD79-2A7BA3181685}"
EndProject
Project("{9A19103F-16F7-4668-BE54-9A1E7A4F7556}") = "BibliotecaPrefija", "Biblioteca\BibliotecaPrefija.csproj", "{BDC2672F-C1B6-4D68-89C9-B284AAC8B8D6}"
EndProject
Global
	GlobalSection(SolutionConfigurationPlatforms) = preSolution
		Debug|Any CPU = Debug|Any CPU
		Release|Any CPU = Release|Any CPU
	EndGlobalSection
	GlobalSection(ProjectConfigurationPlatforms) = postSolution
		{3D679784-F96C-450A-BD79-2A7BA3181685}.Debug|Any CPU.ActiveCfg = Release|Any CPU
		{3D679784-F96C-450A-BD79-2A7BA3181685}.Debug|Any CPU.Build.0 = Release|Any CPU
		{3D679784-F96C-450A-BD79-2A7BA3181685}.Release|Any CPU.ActiveCfg = Release|Any CPU
		{3D679784-F96C-450A-BD79-2A7BA3181685}.Release|Any CPU.Build.0 = Release|Any CPU
		{BDC2672F-C1B6-4D68-89C9-B284AAC8B8D6}.Debug|Any CPU.ActiveCfg = Release|Any CPU
		{BDC2672F-C1B6-4D68-89C9-B284AAC8B8D6}.Debug|Any CPU.Build.0 = Release|Any CPU
		{BDC2672F-C1B6-4D68-89C9-B284AAC8B8D6}.Release|Any CPU.ActiveCfg = Release|Any CPU
		{BDC2672F-C1B6-4D68-89C9-B284AAC8B8D6}.Release|Any CPU.Build.0 = Release|Any CPU
	EndGlobalSection
	GlobalSection(SolutionProperties) = preSolution
		HideSolutionNode = FALSE
	EndGlobalSection
	GlobalSection(ExtensibilityGlobals) = postSolution
		SolutionGuid = {D7EF6499-EF20-4DFF-A116-31085CEBCB1B}
	EndGlobalSection
EndGlobal
